
Microsoft Visual Studio Solution File, Format Version 12.00
# Visual Studio Version 17
VisualStudioVersion = 17.14.36623.8
MinimumVisualStudioVersion = 10.0.40219.1
Project("{FAE04EC0-301F-11D3-BF4B-00C04F79EFBC}") = "APIBlogPost", "APIBlogPost\APIBlogPost.csproj", "{002A4290-9601-4194-452D-6CCA27657A21}"
EndProject
Global
	GlobalSection(SolutionConfigurationPlatforms) = preSolution
		Debug|Any CPU = Debug|Any CPU
		Release|Any CPU = Release|Any CPU
	EndGlobalSection
	GlobalSection(ProjectConfigurationPlatforms) = postSolution
		{002A4290-9601-4194-452D-6CCA27657A21}.Debug|Any CPU.ActiveCfg = Debug|Any CPU
		{002A4290-9601-4194-452D-6CCA27657A21}.Debug|Any CPU.Build.0 = Debug|Any CPU
		{002A4290-9601-4194-452D-6CCA27657A21}.Release|Any CPU.ActiveCfg = Release|Any CPU
		{002A4290-9601-4194-452D-6CCA27657A21}.Release|Any CPU.Build.0 = Release|Any CPU
	EndGlobalSection
	GlobalSection(SolutionProperties) = preSolution
		HideSolutionNode = FALSE
	EndGlobalSection
	GlobalSection(ExtensibilityGlobals) = postSolution
		SolutionGuid = {72DFFB5C-9192-446A-AEC0-6261DAF5BD79}
	EndGlobalSection
EndGlobal
